# Generated by pub
# See https://dart.dev/tools/pub/glossary#lockfile
packages:
  collection:
    dependency: transitive
    description:
      name: collection
      url: "https://pub.dartlang.org"
    source: hosted
    version: "1.14.12"
  equatable:
    dependency: transitive
    description:
      name: equatable
      url: "https://pub.dartlang.org"
    source: hosted
    version: "1.0.2"
  koin:
    dependency: "direct main"
    description:
      name: koin
      url: "https://pub.dartlang.org"
    source: hosted
    version: "0.3.2+3"
  kt_dart:
    dependency: transitive
    description:
      name: kt_dart
      url: "https://pub.dartlang.org"
    source: hosted
    version: "0.6.2"
  meta:
    dependency: transitive
    description:
      name: meta
      url: "https://pub.dartlang.org"
    source: hosted
    version: "1.1.8"
  path:
    dependency: transitive
    description:
      name: path
      url: "https://pub.dartlang.org"
    source: hosted
    version: "1.6.4"
sdks:
  dart: ">=2.6.0 <3.0.0"
